{
  "nodes": {
    "disko": {
      "inputs": {
        "nixpkgs": [
          "nixpkgs"
        ]
      },
      "locked": {
        "lastModified": 1684170997,
        "narHash": "sha256-WgwqHeYv2sDA0eWghnYCUNx7dm5S8lqDVZjp7ufzm30=",
        "owner": "nix-community",
        "repo": "disko",
        "rev": "10402e31443941b50bf62e67900743dcb26b3b27",
        "type": "github"
      },
      "original": {
        "owner": "nix-community",
        "repo": "disko",
        "type": "github"
      }
    },
    "emacs-overlay": {
      "inputs": {
        "flake-utils": "flake-utils",
        "nixpkgs": [
          "nixpkgs"
        ]
      },
      "locked": {
        "lastModified": 1684234701,
        "narHash": "sha256-UrA8YP81IjGlYaBXyIF+fM9eP1LuOXOnqgMXUaz63rY=",
        "owner": "nix-community",
        "repo": "emacs-overlay",
        "rev": "adefd0c1974731350a6ec6b960178bb9fa970942",
        "type": "github"
      },
      "original": {
        "owner": "nix-community",
        "repo": "emacs-overlay",
        "type": "github"
      }
    },
    "fenix": {
      "inputs": {
        "nixpkgs": [
          "nixpkgs"
        ],
        "rust-analyzer-src": "rust-analyzer-src"
      },
      "locked": {
        "lastModified": 1684045209,
        "narHash": "sha256-d6WRNsb5+P7wocC/wCMjkvF0pycKuZ7SHgj5NGmESNQ=",
        "owner": "nix-community",
        "repo": "fenix",
        "rev": "7c8be7e3312ba06dc95491a44c3c9ba71a175bc4",
        "type": "github"
      },
      "original": {
        "owner": "nix-community",
        "repo": "fenix",
        "type": "github"
      }
    },
    "flake-utils": {
      "locked": {
        "lastModified": 1667395993,
        "narHash": "sha256-nuEHfE/LcWyuSWnS8t12N1wc105Qtau+/OdUAjtQ0rA=",
        "owner": "numtide",
        "repo": "flake-utils",
        "rev": "5aed5285a952e0b949eb3ba02c12fa4fcfef535f",
        "type": "github"
      },
      "original": {
        "owner": "numtide",
        "repo": "flake-utils",
        "type": "github"
      }
    },
    "nixpkgs": {
      "locked": {
        "lastModified": 1683442750,
        "narHash": "sha256-IiJ0WWW6OcCrVFl1ijE+gTaP0ChFfV6dNkJR05yStmw=",
        "owner": "nixos",
        "repo": "nixpkgs",
        "rev": "eb751d65225ec53de9cf3d88acbf08d275882389",
        "type": "github"
      },
      "original": {
        "owner": "nixos",
        "ref": "nixpkgs-unstable",
        "repo": "nixpkgs",
        "type": "github"
      }
    },
    "root": {
      "inputs": {
        "disko": "disko",
        "emacs-overlay": "emacs-overlay",
        "fenix": "fenix",
        "nixpkgs": "nixpkgs"
      }
    },
    "rust-analyzer-src": {
      "flake": false,
      "locked": {
        "lastModified": 1684005690,
        "narHash": "sha256-m0Dya15vVk4swQdWKqDYHmdU3cirySRjaQ6EgMa2Mcg=",
        "owner": "rust-lang",
        "repo": "rust-analyzer",
        "rev": "cbd14e98403dc5e19f19fdf913808656d81a0516",
        "type": "github"
      },
      "original": {
        "owner": "rust-lang",
        "ref": "nightly",
        "repo": "rust-analyzer",
        "type": "github"
      }
    }
  },
  "root": "root",
  "version": 7
}
